# This file was autogenerated by Stack.
# You should not edit this file by hand.
# For more information, please see the documentation at:
#   https://docs.haskellstack.org/en/stable/topics/lock_files

packages:
- completed:
    hackage: hledger-lib-1.52@sha256:8d3d164b4c4c0a3e76ff3061b7f61908d8e2400203c9514893155e096c6da9e9,8183
    pantry-tree:
      sha256: f51c61ce814257e24a4884d1e66bcdded07f9c9aed16839f78c963170ca7d6fd
      size: 4741
  original:
    hackage: hledger-lib-1.52
snapshots:
- completed:
    sha256: 45b164eaf5c16bd220d2c5d7ab9a66ca0cfbcde7753703a5cb3549172adde813
    size: 728959
    url: https://raw.githubusercontent.com/commercialhaskell/stackage-snapshots/master/lts/24/34.yaml
  original: lts-24.34
